
Microsoft Visual Studio Solution File, Format Version 12.00
# Visual Studio Version 17
VisualStudioVersion = 17.1.31911.260
MinimumVisualStudioVersion = 10.0.40219.1
Project("{FAE04EC0-301F-11D3-BF4B-00C04F79EFBC}") = "tx-github-actions", "tx-github-actions\tx-github-actions.csproj", "{1DC53832-C70D-429D-B029-3877A6D32385}"
EndProject
Global
	GlobalSection(SolutionConfigurationPlatforms) = preSolution
		Debug|Any CPU = Debug|Any CPU
		Release|Any CPU = Release|Any CPU
	EndGlobalSection
	GlobalSection(ProjectConfigurationPlatforms) = postSolution
		{1DC53832-C70D-429D-B029-3877A6D32385}.Debug|Any CPU.ActiveCfg = Debug|Any CPU
		{1DC53832-C70D-429D-B029-3877A6D32385}.Debug|Any CPU.Build.0 = Debug|Any CPU
		{1DC53832-C70D-429D-B029-3877A6D32385}.Release|Any CPU.ActiveCfg = Release|Any CPU
		{1DC53832-C70D-429D-B029-3877A6D32385}.Release|Any CPU.Build.0 = Release|Any CPU
	EndGlobalSection
	GlobalSection(SolutionProperties) = preSolution
		HideSolutionNode = FALSE
	EndGlobalSection
	GlobalSection(ExtensibilityGlobals) = postSolution
		SolutionGuid = {C0951903-452A-48FB-88A1-AE000D121A11}
	EndGlobalSection
EndGlobal
